Microsoft Visual Studio Solution File, Format Version 11.00
# Visual Studio 2008

Project("{4A6E29E0-F6ED-E0F7-C6B2-0DBB36C2C014}") = "RoleShader", "Assembly-CSharp.csproj", "{321FC490-65DE-7EEB-B1D6-B6BE901EED88}"
EndProject
Global
	GlobalSection(SolutionConfigurationPlatforms) = preSolution
		Debug|Any CPU = Debug|Any CPU
		Release|Any CPU = Release|Any CPU
	EndGlobalSection
	GlobalSection(ProjectConfigurationPlatforms) = postSolution
		{321FC490-65DE-7EEB-B1D6-B6BE901EED88}.Debug|Any CPU.ActiveCfg = Debug|Any CPU
		{321FC490-65DE-7EEB-B1D6-B6BE901EED88}.Debug|Any CPU.Build.0 = Debug|Any CPU
		{321FC490-65DE-7EEB-B1D6-B6BE901EED88}.Release|Any CPU.ActiveCfg = Release|Any CPU
		{321FC490-65DE-7EEB-B1D6-B6BE901EED88}.Release|Any CPU.Build.0 = Release|Any CPU
	EndGlobalSection
	GlobalSection(SolutionProperties) = preSolution
		HideSolutionNode = FALSE
	EndGlobalSection
	GlobalSection(MonoDevelopProperties) = preSolution
		StartupItem = Assembly-CSharp.csproj
	EndGlobalSection
EndGlobal
